
Microsoft Visual Studio Solution File, Format Version 12.00
# Visual Studio Version 17
VisualStudioVersion = 17.14.36109.1
MinimumVisualStudioVersion = 10.0.40219.1
Project("{FAE04EC0-301F-11D3-BF4B-00C04F79EFBC}") = "FoldersSynchronization", "FoldersSynchronisation\FoldersSynchronization.csproj", "{12ACAE1E-0EB6-4D69-B4FA-0FDC7B31E4EE}"
EndProject
Global
	GlobalSection(SolutionConfigurationPlatforms) = preSolution
		Debug|Any CPU = Debug|Any CPU
		Release|Any CPU = Release|Any CPU
	EndGlobalSection
	GlobalSection(ProjectConfigurationPlatforms) = postSolution
		{12ACAE1E-0EB6-4D69-B4FA-0FDC7B31E4EE}.Debug|Any CPU.ActiveCfg = Debug|Any CPU
		{12ACAE1E-0EB6-4D69-B4FA-0FDC7B31E4EE}.Debug|Any CPU.Build.0 = Debug|Any CPU
		{12ACAE1E-0EB6-4D69-B4FA-0FDC7B31E4EE}.Release|Any CPU.ActiveCfg = Release|Any CPU
		{12ACAE1E-0EB6-4D69-B4FA-0FDC7B31E4EE}.Release|Any CPU.Build.0 = Release|Any CPU
	EndGlobalSection
	GlobalSection(SolutionProperties) = preSolution
		HideSolutionNode = FALSE
	EndGlobalSection
	GlobalSection(ExtensibilityGlobals) = postSolution
		SolutionGuid = {A9ADB33D-4534-471B-936F-8473D48E1875}
	EndGlobalSection
EndGlobal
